
Microsoft Visual Studio Solution File, Format Version 12.00
# Visual Studio Version 16
VisualStudioVersion = 16.0.29905.134
MinimumVisualStudioVersion = 10.0.40219.1
Project("{FAE04EC0-301F-11D3-BF4B-00C04F79EFBC}") = "DotDllTool", "DotDllTool\DotDllTool.csproj", "{99F4572F-738E-4B8B-B683-71A093B667EC}"
EndProject
Global
	GlobalSection(SolutionConfigurationPlatforms) = preSolution
		Debug|Any CPU = Debug|Any CPU
		Release|Any CPU = Release|Any CPU
	EndGlobalSection
	GlobalSection(ProjectConfigurationPlatforms) = postSolution
		{99F4572F-738E-4B8B-B683-71A093B667EC}.Debug|Any CPU.ActiveCfg = Debug|Any CPU
		{99F4572F-738E-4B8B-B683-71A093B667EC}.Debug|Any CPU.Build.0 = Debug|Any CPU
		{99F4572F-738E-4B8B-B683-71A093B667EC}.Release|Any CPU.ActiveCfg = Release|Any CPU
		{99F4572F-738E-4B8B-B683-71A093B667EC}.Release|Any CPU.Build.0 = Release|Any CPU
	EndGlobalSection
	GlobalSection(SolutionProperties) = preSolution
		HideSolutionNode = FALSE
	EndGlobalSection
	GlobalSection(ExtensibilityGlobals) = postSolution
		SolutionGuid = {3EDA9BC8-7ADA-4828-8854-732B2E100422}
	EndGlobalSection
EndGlobal
